
Microsoft Visual Studio Solution File, Format Version 12.00
# Visual Studio Version 17
VisualStudioVersion = 17.8.34511.84
MinimumVisualStudioVersion = 10.0.40219.1
Project("{FAE04EC0-301F-11D3-BF4B-00C04F79EFBC}") = "ATIVIDADE3_CJ302217X", "ATIVIDADE3_CJ302217X\ATIVIDADE3_CJ302217X.csproj", "{27A24D2E-180D-4FE6-AEC3-F47F0BEED074}"
EndProject
Global
	GlobalSection(SolutionConfigurationPlatforms) = preSolution
		Debug|Any CPU = Debug|Any CPU
		Release|Any CPU = Release|Any CPU
	EndGlobalSection
	GlobalSection(ProjectConfigurationPlatforms) = postSolution
		{27A24D2E-180D-4FE6-AEC3-F47F0BEED074}.Debug|Any CPU.ActiveCfg = Debug|Any CPU
		{27A24D2E-180D-4FE6-AEC3-F47F0BEED074}.Debug|Any CPU.Build.0 = Debug|Any CPU
		{27A24D2E-180D-4FE6-AEC3-F47F0BEED074}.Release|Any CPU.ActiveCfg = Release|Any CPU
		{27A24D2E-180D-4FE6-AEC3-F47F0BEED074}.Release|Any CPU.Build.0 = Release|Any CPU
	EndGlobalSection
	GlobalSection(SolutionProperties) = preSolution
		HideSolutionNode = FALSE
	EndGlobalSection
	GlobalSection(ExtensibilityGlobals) = postSolution
		SolutionGuid = {A47D4A56-3DEF-4925-8293-194BA0BC0018}
	EndGlobalSection
EndGlobal
